// !$*UTF8*$!
{
	archiveVersion = 1;
	classes = {
	};
	objectVersion = 55;
	objects = {

/* Begin PBXBuildFile section */
		AA34142E28FD73E800DBDF33 /* Conspect25VC.swift in Sources */ = {isa = PBXBuildFile; fileRef = AA34142C28FD73E800DBDF33 /* Conspect25VC.swift */; };
		AA34142F28FD73E800DBDF33 /* Conspect25VC2.swift in Sources */ = {isa = PBXBuildFile; fileRef = AA34142D28FD73E800DBDF33 /* Conspect25VC2.swift */; };
		AA34143528FD75C400DBDF33 /* StoriesTableViewCell.swift in Sources */ = {isa = PBXBuildFile; fileRef = AA34143328FD75C400DBDF33 /* StoriesTableViewCell.swift */; };
		AA34143628FD75C400DBDF33 /* StoriesTableViewCell.xib in Resources */ = {isa = PBXBuildFile; fileRef = AA34143428FD75C400DBDF33 /* StoriesTableViewCell.xib */; };
		AA34143928FD88E300DBDF33 /* PostsTableViewCell.swift in Sources */ = {isa = PBXBuildFile; fileRef = AA34143728FD88E300DBDF33 /* PostsTableViewCell.swift */; };
		AA34143A28FD88E300DBDF33 /* PostsTableViewCell.xib in Resources */ = {isa = PBXBuildFile; fileRef = AA34143828FD88E300DBDF33 /* PostsTableViewCell.xib */; };
		AA34143D28FD8F6300DBDF33 /* RecomendationsTableViewCell.swift in Sources */ = {isa = PBXBuildFile; fileRef = AA34143B28FD8F6300DBDF33 /* RecomendationsTableViewCell.swift */; };
		AA34143E28FD8F6300DBDF33 /* RecomendationsTableViewCell.xib in Resources */ = {isa = PBXBuildFile; fileRef = AA34143C28FD8F6300DBDF33 /* RecomendationsTableViewCell.xib */; };
		AA665DD82902EA9F00A77A0D /* Conspect27VC.swift in Sources */ = {isa = PBXBuildFile; fileRef = AA665DD42902EA9F00A77A0D /* Conspect27VC.swift */; };
		AA665DD92902EA9F00A77A0D /* Conspect27VC3.swift in Sources */ = {isa = PBXBuildFile; fileRef = AA665DD52902EA9F00A77A0D /* Conspect27VC3.swift */; };
		AA665DDA2902EA9F00A77A0D /* Conspect27VC2.swift in Sources */ = {isa = PBXBuildFile; fileRef = AA665DD62902EA9F00A77A0D /* Conspect27VC2.swift */; };
		AA665DDB2902EA9F00A77A0D /* Conspect27VC4.swift in Sources */ = {isa = PBXBuildFile; fileRef = AA665DD72902EA9F00A77A0D /* Conspect27VC4.swift */; };
		AA6BEB122900357800E09143 /* Conspect26VC5.swift in Sources */ = {isa = PBXBuildFile; fileRef = AA6BEB0D2900357700E09143 /* Conspect26VC5.swift */; };
		AA6BEB132900357800E09143 /* Conspect26VC3.swift in Sources */ = {isa = PBXBuildFile; fileRef = AA6BEB0E2900357800E09143 /* Conspect26VC3.swift */; };
		AA6BEB142900357800E09143 /* Conspect26VC2.swift in Sources */ = {isa = PBXBuildFile; fileRef = AA6BEB0F2900357800E09143 /* Conspect26VC2.swift */; };
		AA6BEB152900357800E09143 /* Conspect26VC4.swift in Sources */ = {isa = PBXBuildFile; fileRef = AA6BEB102900357800E09143 /* Conspect26VC4.swift */; };
		AA6BEB162900357800E09143 /* Conspect26VC.swift in Sources */ = {isa = PBXBuildFile; fileRef = AA6BEB112900357800E09143 /* Conspect26VC.swift */; };
		AA6BEB19290037C000E09143 /* CommentsTableViewCell.swift in Sources */ = {isa = PBXBuildFile; fileRef = AA6BEB17290037C000E09143 /* CommentsTableViewCell.swift */; };
		AA6BEB1A290037C000E09143 /* CommentsTableViewCell.xib in Resources */ = {isa = PBXBuildFile; fileRef = AA6BEB18290037C000E09143 /* CommentsTableViewCell.xib */; };
		AA8604B128FD595400C1B87B /* AppDelegate.swift in Sources */ = {isa = PBXBuildFile; fileRef = AA8604B028FD595400C1B87B /* AppDelegate.swift */; };
		AA8604B328FD595400C1B87B /* SceneDelegate.swift in Sources */ = {isa = PBXBuildFile; fileRef = AA8604B228FD595400C1B87B /* SceneDelegate.swift */; };
		AA8604B828FD595400C1B87B /* Main.storyboard in Resources */ = {isa = PBXBuildFile; fileRef = AA8604B628FD595400C1B87B /* Main.storyboard */; };
		AA8604BA28FD595600C1B87B /* Assets.xcassets in Resources */ = {isa = PBXBuildFile; fileRef = AA8604B928FD595600C1B87B /* Assets.xcassets */; };
		AA8604BD28FD595600C1B87B /* LaunchScreen.storyboard in Resources */ = {isa = PBXBuildFile; fileRef = AA8604BB28FD595600C1B87B /* LaunchScreen.storyboard */; };
		AA8604C928FD65CE00C1B87B /* HouseViewController.swift in Sources */ = {isa = PBXBuildFile; fileRef = AA8604C828FD65CE00C1B87B /* HouseViewController.swift */; };
		AA8604CB28FD660E00C1B87B /* SearchViewController.swift in Sources */ = {isa = PBXBuildFile; fileRef = AA8604CA28FD660E00C1B87B /* SearchViewController.swift */; };
		AA8604CD28FD665D00C1B87B /* PlusViewController.swift in Sources */ = {isa = PBXBuildFile; fileRef = AA8604CC28FD665D00C1B87B /* PlusViewController.swift */; };
		AA8604CF28FD669400C1B87B /* LikeViewController.swift in Sources */ = {isa = PBXBuildFile; fileRef = AA8604CE28FD669400C1B87B /* LikeViewController.swift */; };
		AA8604D128FD66C900C1B87B /* ProfileViewController.swift in Sources */ = {isa = PBXBuildFile; fileRef = AA8604D028FD66C900C1B87B /* ProfileViewController.swift */; };
		AA86907A290154AA00756024 /* FollowersTableViewCell.swift in Sources */ = {isa = PBXBuildFile; fileRef = AA869078290154AA00756024 /* FollowersTableViewCell.swift */; };
		AA86907B290154AA00756024 /* FollowersTableViewCell.xib in Resources */ = {isa = PBXBuildFile; fileRef = AA869079290154AA00756024 /* FollowersTableViewCell.xib */; };
/* End PBXBuildFile section */

/* Begin PBXFileReference section */
		AA34142C28FD73E800DBDF33 /* Conspect25VC.swift */ = {isa = PBXFileReference; fileEncoding = 4; lastKnownFileType = sourcecode.swift; path = Conspect25VC.swift; sourceTree = "<group>"; };
		AA34142D28FD73E800DBDF33 /* Conspect25VC2.swift */ = {isa = PBXFileReference; fileEncoding = 4; lastKnownFileType = sourcecode.swift; path = Conspect25VC2.swift; sourceTree = "<group>"; };
		AA34143328FD75C400DBDF33 /* StoriesTableViewCell.swift */ = {isa = PBXFileReference; lastKnownFileType = sourcecode.swift; path = StoriesTableViewCell.swift; sourceTree = "<group>"; };
		AA34143428FD75C400DBDF33 /* StoriesTableViewCell.xib */ = {isa = PBXFileReference; lastKnownFileType = file.xib; path = StoriesTableViewCell.xib; sourceTree = "<group>"; };
		AA34143728FD88E300DBDF33 /* PostsTableViewCell.swift */ = {isa = PBXFileReference; lastKnownFileType = sourcecode.swift; path = PostsTableViewCell.swift; sourceTree = "<group>"; };
		AA34143828FD88E300DBDF33 /* PostsTableViewCell.xib */ = {isa = PBXFileReference; lastKnownFileType = file.xib; path = PostsTableViewCell.xib; sourceTree = "<group>"; };
		AA34143B28FD8F6300DBDF33 /* RecomendationsTableViewCell.swift */ = {isa = PBXFileReference; lastKnownFileType = sourcecode.swift; path = RecomendationsTableViewCell.swift; sourceTree = "<group>"; };
		AA34143C28FD8F6300DBDF33 /* RecomendationsTableViewCell.xib */ = {isa = PBXFileReference; lastKnownFileType = file.xib; path = RecomendationsTableViewCell.xib; sourceTree = "<group>"; };
		AA665DD42902EA9F00A77A0D /* Conspect27VC.swift */ = {isa = PBXFileReference; fileEncoding = 4; lastKnownFileType = sourcecode.swift; path = Conspect27VC.swift; sourceTree = "<group>"; };
		AA665DD52902EA9F00A77A0D /* Conspect27VC3.swift */ = {isa = PBXFileReference; fileEncoding = 4; lastKnownFileType = sourcecode.swift; path = Conspect27VC3.swift; sourceTree = "<group>"; };
		AA665DD62902EA9F00A77A0D /* Conspect27VC2.swift */ = {isa = PBXFileReference; fileEncoding = 4; lastKnownFileType = sourcecode.swift; path = Conspect27VC2.swift; sourceTree = "<group>"; };
		AA665DD72902EA9F00A77A0D /* Conspect27VC4.swift */ = {isa = PBXFileReference; fileEncoding = 4; lastKnownFileType = sourcecode.swift; path = Conspect27VC4.swift; sourceTree = "<group>"; };
		AA6BEB0D2900357700E09143 /* Conspect26VC5.swift */ = {isa = PBXFileReference; fileEncoding = 4; lastKnownFileType = sourcecode.swift; path = Conspect26VC5.swift; sourceTree = "<group>"; };
		AA6BEB0E2900357800E09143 /* Conspect26VC3.swift */ = {isa = PBXFileReference; fileEncoding = 4; lastKnownFileType = sourcecode.swift; path = Conspect26VC3.swift; sourceTree = "<group>"; };
		AA6BEB0F2900357800E09143 /* Conspect26VC2.swift */ = {isa = PBXFileReference; fileEncoding = 4; lastKnownFileType = sourcecode.swift; path = Conspect26VC2.swift; sourceTree = "<group>"; };
		AA6BEB102900357800E09143 /* Conspect26VC4.swift */ = {isa = PBXFileReference; fileEncoding = 4; lastKnownFileType = sourcecode.swift; path = Conspect26VC4.swift; sourceTree = "<group>"; };
		AA6BEB112900357800E09143 /* Conspect26VC.swift */ = {isa = PBXFileReference; fileEncoding = 4; lastKnownFileType = sourcecode.swift; path = Conspect26VC.swift; sourceTree = "<group>"; };
		AA6BEB17290037C000E09143 /* CommentsTableViewCell.swift */ = {isa = PBXFileReference; lastKnownFileType = sourcecode.swift; path = CommentsTableViewCell.swift; sourceTree = "<group>"; };
		AA6BEB18290037C000E09143 /* CommentsTableViewCell.xib */ = {isa = PBXFileReference; lastKnownFileType = file.xib; path = CommentsTableViewCell.xib; sourceTree = "<group>"; };
		AA8604AD28FD595400C1B87B /* InstagramDZ.app */ = {isa = PBXFileReference; explicitFileType = wrapper.application; includeInIndex = 0; path = InstagramDZ.app; sourceTree = BUILT_PRODUCTS_DIR; };
		AA8604B028FD595400C1B87B /* AppDelegate.swift */ = {isa = PBXFileReference; lastKnownFileType = sourcecode.swift; path = AppDelegate.swift; sourceTree = "<group>"; };
		AA8604B228FD595400C1B87B /* SceneDelegate.swift */ = {isa = PBXFileReference; lastKnownFileType = sourcecode.swift; path = SceneDelegate.swift; sourceTree = "<group>"; };
		AA8604B728FD595400C1B87B /* Base */ = {isa = PBXFileReference; lastKnownFileType = file.storyboard; name = Base; path = Base.lproj/Main.storyboard; sourceTree = "<group>"; };
		AA8604B928FD595600C1B87B /* Assets.xcassets */ = {isa = PBXFileReference; lastKnownFileType = folder.assetcatalog; path = Assets.xcassets; sourceTree = "<group>"; };
		AA8604BC28FD595600C1B87B /* Base */ = {isa = PBXFileReference; lastKnownFileType = file.storyboard; name = Base; path = Base.lproj/LaunchScreen.storyboard; sourceTree = "<group>"; };
		AA8604BE28FD595600C1B87B /* Info.plist */ = {isa = PBXFileReference; lastKnownFileType = text.plist.xml; path = Info.plist; sourceTree = "<group>"; };
		AA8604C828FD65CE00C1B87B /* HouseViewController.swift */ = {isa = PBXFileReference; lastKnownFileType = sourcecode.swift; path = HouseViewController.swift; sourceTree = "<group>"; };
		AA8604CA28FD660E00C1B87B /* SearchViewController.swift */ = {isa = PBXFileReference; lastKnownFileType = sourcecode.swift; path = SearchViewController.swift; sourceTree = "<group>"; };
		AA8604CC28FD665D00C1B87B /* PlusViewController.swift */ = {isa = PBXFileReference; lastKnownFileType = sourcecode.swift; path = PlusViewController.swift; sourceTree = "<group>"; };
		AA8604CE28FD669400C1B87B /* LikeViewController.swift */ = {isa = PBXFileReference; lastKnownFileType = sourcecode.swift; path = LikeViewController.swift; sourceTree = "<group>"; };
		AA8604D028FD66C900C1B87B /* ProfileViewController.swift */ = {isa = PBXFileReference; lastKnownFileType = sourcecode.swift; path = ProfileViewController.swift; sourceTree = "<group>"; };
		AA869078290154AA00756024 /* FollowersTableViewCell.swift */ = {isa = PBXFileReference; lastKnownFileType = sourcecode.swift; path = FollowersTableViewCell.swift; sourceTree = "<group>"; };
		AA869079290154AA00756024 /* FollowersTableViewCell.xib */ = {isa = PBXFileReference; lastKnownFileType = file.xib; path = FollowersTableViewCell.xib; sourceTree = "<group>"; };
/* End PBXFileReference section */

/* Begin PBXFrameworksBuildPhase section */
		AA8604AA28FD595400C1B87B /* Frameworks */ = {
			isa = PBXFrameworksBuildPhase;
			buildActionMask = 2147483647;
			files = (
			);
			runOnlyForDeploymentPostprocessing = 0;
		};
/* End PBXFrameworksBuildPhase section */

/* Begin PBXGroup section */
		AA34142B28FD73C600DBDF33 /* Conspects */ = {
			isa = PBXGroup;
			children = (
				AA34142C28FD73E800DBDF33 /* Conspect25VC.swift */,
				AA34142D28FD73E800DBDF33 /* Conspect25VC2.swift */,
				AA6BEB112900357800E09143 /* Conspect26VC.swift */,
				AA6BEB0F2900357800E09143 /* Conspect26VC2.swift */,
				AA6BEB0E2900357800E09143 /* Conspect26VC3.swift */,
				AA6BEB102900357800E09143 /* Conspect26VC4.swift */,
				AA6BEB0D2900357700E09143 /* Conspect26VC5.swift */,
				AA665DD42902EA9F00A77A0D /* Conspect27VC.swift */,
				AA665DD62902EA9F00A77A0D /* Conspect27VC2.swift */,
				AA665DD52902EA9F00A77A0D /* Conspect27VC3.swift */,
				AA665DD72902EA9F00A77A0D /* Conspect27VC4.swift */,
			);
			path = Conspects;
			sourceTree = "<group>";
		};
		AA34143028FD740E00DBDF33 /* Views */ = {
			isa = PBXGroup;
			children = (
				AA8604B628FD595400C1B87B /* Main.storyboard */,
				AA34143328FD75C400DBDF33 /* StoriesTableViewCell.swift */,
				AA34143428FD75C400DBDF33 /* StoriesTableViewCell.xib */,
				AA34143728FD88E300DBDF33 /* PostsTableViewCell.swift */,
				AA34143828FD88E300DBDF33 /* PostsTableViewCell.xib */,
				AA34143B28FD8F6300DBDF33 /* RecomendationsTableViewCell.swift */,
				AA34143C28FD8F6300DBDF33 /* RecomendationsTableViewCell.xib */,
				AA6BEB17290037C000E09143 /* CommentsTableViewCell.swift */,
				AA6BEB18290037C000E09143 /* CommentsTableViewCell.xib */,
				AA869078290154AA00756024 /* FollowersTableViewCell.swift */,
				AA869079290154AA00756024 /* FollowersTableViewCell.xib */,
			);
			path = Views;
			sourceTree = "<group>";
		};
		AA8604A428FD595400C1B87B = {
			isa = PBXGroup;
			children = (
				AA8604AF28FD595400C1B87B /* InstagramDZ */,
				AA8604AE28FD595400C1B87B /* Products */,
			);
			sourceTree = "<group>";
		};
		AA8604AE28FD595400C1B87B /* Products */ = {
			isa = PBXGroup;
			children = (
				AA8604AD28FD595400C1B87B /* InstagramDZ.app */,
			);
			name = Products;
			sourceTree = "<group>";
		};
		AA8604AF28FD595400C1B87B /* InstagramDZ */ = {
			isa = PBXGroup;
			children = (
				AA34142B28FD73C600DBDF33 /* Conspects */,
				AA8604C528FD624300C1B87B /* Controllers */,
				AA34143028FD740E00DBDF33 /* Views */,
				AA8604B028FD595400C1B87B /* AppDelegate.swift */,
				AA8604B228FD595400C1B87B /* SceneDelegate.swift */,
				AA8604B928FD595600C1B87B /* Assets.xcassets */,
				AA8604BB28FD595600C1B87B /* LaunchScreen.storyboard */,
				AA8604BE28FD595600C1B87B /* Info.plist */,
			);
			path = InstagramDZ;
			sourceTree = "<group>";
		};
		AA8604C528FD624300C1B87B /* Controllers */ = {
			isa = PBXGroup;
			children = (
				AA8604C828FD65CE00C1B87B /* HouseViewController.swift */,
				AA8604CA28FD660E00C1B87B /* SearchViewController.swift */,
				AA8604CC28FD665D00C1B87B /* PlusViewController.swift */,
				AA8604CE28FD669400C1B87B /* LikeViewController.swift */,
				AA8604D028FD66C900C1B87B /* ProfileViewController.swift */,
			);
			path = Controllers;
			sourceTree = "<group>";
		};
/* End PBXGroup section */

/* Begin PBXNativeTarget section */
		AA8604AC28FD595400C1B87B /* InstagramDZ */ = {
			isa = PBXNativeTarget;
			buildConfigurationList = AA8604C128FD595600C1B87B /* Build configuration list for PBXNativeTarget "InstagramDZ" */;
			buildPhases = (
				AA8604A928FD595400C1B87B /* Sources */,
				AA8604AA28FD595400C1B87B /* Frameworks */,
				AA8604AB28FD595400C1B87B /* Resources */,
				AA8604C428FD596D00C1B87B /* SwiftLint */,
			);
			buildRules = (
			);
			dependencies = (
			);
			name = InstagramDZ;
			productName = InstagramDZ;
			productReference = AA8604AD28FD595400C1B87B /* InstagramDZ.app */;
			productType = "com.apple.product-type.application";
		};
/* End PBXNativeTarget section */

/* Begin PBXProject section */
		AA8604A528FD595400C1B87B /* Project object */ = {
			isa = PBXProject;
			attributes = {
				BuildIndependentTargetsInParallel = 1;
				LastSwiftUpdateCheck = 1340;
				LastUpgradeCheck = 1340;
				TargetAttributes = {
					AA8604AC28FD595400C1B87B = {
						CreatedOnToolsVersion = 13.4.1;
					};
				};
			};
			buildConfigurationList = AA8604A828FD595400C1B87B /* Build configuration list for PBXProject "InstagramDZ" */;
			compatibilityVersion = "Xcode 13.0";
			developmentRegion = en;
			hasScannedForEncodings = 0;
			knownRegions = (
				en,
				Base,
			);
			mainGroup = AA8604A428FD595400C1B87B;
			productRefGroup = AA8604AE28FD595400C1B87B /* Products */;
			projectDirPath = "";
			projectRoot = "";
			targets = (
				AA8604AC28FD595400C1B87B /* InstagramDZ */,
			);
		};
/* End PBXProject section */

/* Begin PBXResourcesBuildPhase section */
		AA8604AB28FD595400C1B87B /* Resources */ = {
			isa = PBXResourcesBuildPhase;
			buildActionMask = 2147483647;
			files = (
				AA34143E28FD8F6300DBDF33 /* RecomendationsTableViewCell.xib in Resources */,
				AA8604BD28FD595600C1B87B /* LaunchScreen.storyboard in Resources */,
				AA34143A28FD88E300DBDF33 /* PostsTableViewCell.xib in Resources */,
				AA86907B290154AA00756024 /* FollowersTableViewCell.xib in Resources */,
				AA34143628FD75C400DBDF33 /* StoriesTableViewCell.xib in Resources */,
				AA8604BA28FD595600C1B87B /* Assets.xcassets in Resources */,
				AA8604B828FD595400C1B87B /* Main.storyboard in Resources */,
				AA6BEB1A290037C000E09143 /* CommentsTableViewCell.xib in Resources */,
			);
			runOnlyForDeploymentPostprocessing = 0;
		};
/* End PBXResourcesBuildPhase section */

/* Begin PBXShellScriptBuildPhase section */
		AA8604C428FD596D00C1B87B /* SwiftLint */ = {
			isa = PBXShellScriptBuildPhase;
			buildActionMask = 2147483647;
			files = (
			);
			inputFileListPaths = (
			);
			inputPaths = (
			);
			name = SwiftLint;
			outputFileListPaths = (
			);
			outputPaths = (
			);
			runOnlyForDeploymentPostprocessing = 0;
			shellPath = /bin/sh;
			shellScript = "export PATH=/opt/homebrew/bin:$PATH\nif which swiftlint > /dev/null; then\n  swiftlint\nelse\n  echo \"warning: SwiftLint not installed, download from https://github.com/realm/SwiftLint\"\nfi\n";
		};
/* End PBXShellScriptBuildPhase section */

/* Begin PBXSourcesBuildPhase section */
		AA8604A928FD595400C1B87B /* Sources */ = {
			isa = PBXSourcesBuildPhase;
			buildActionMask = 2147483647;
			files = (
				AA665DD92902EA9F00A77A0D /* Conspect27VC3.swift in Sources */,
				AA8604CD28FD665D00C1B87B /* PlusViewController.swift in Sources */,
				AA8604CB28FD660E00C1B87B /* SearchViewController.swift in Sources */,
				AA665DD82902EA9F00A77A0D /* Conspect27VC.swift in Sources */,
				AA665DDB2902EA9F00A77A0D /* Conspect27VC4.swift in Sources */,
				AA86907A290154AA00756024 /* FollowersTableViewCell.swift in Sources */,
				AA6BEB152900357800E09143 /* Conspect26VC4.swift in Sources */,
				AA6BEB162900357800E09143 /* Conspect26VC.swift in Sources */,
				AA6BEB122900357800E09143 /* Conspect26VC5.swift in Sources */,
				AA8604C928FD65CE00C1B87B /* HouseViewController.swift in Sources */,
				AA34142F28FD73E800DBDF33 /* Conspect25VC2.swift in Sources */,
				AA6BEB19290037C000E09143 /* CommentsTableViewCell.swift in Sources */,
				AA8604B128FD595400C1B87B /* AppDelegate.swift in Sources */,
				AA8604D128FD66C900C1B87B /* ProfileViewController.swift in Sources */,
				AA6BEB132900357800E09143 /* Conspect26VC3.swift in Sources */,
				AA6BEB142900357800E09143 /* Conspect26VC2.swift in Sources */,
				AA34143D28FD8F6300DBDF33 /* RecomendationsTableViewCell.swift in Sources */,
				AA34143928FD88E300DBDF33 /* PostsTableViewCell.swift in Sources */,
				AA8604B328FD595400C1B87B /* SceneDelegate.swift in Sources */,
				AA34142E28FD73E800DBDF33 /* Conspect25VC.swift in Sources */,
				AA8604CF28FD669400C1B87B /* LikeViewController.swift in Sources */,
				AA34143528FD75C400DBDF33 /* StoriesTableViewCell.swift in Sources */,
				AA665DDA2902EA9F00A77A0D /* Conspect27VC2.swift in Sources */,
			);
			runOnlyForDeploymentPostprocessing = 0;
		};
/* End PBXSourcesBuildPhase section */

/* Begin PBXVariantGroup section */
		AA8604B628FD595400C1B87B /* Main.storyboard */ = {
			isa = PBXVariantGroup;
			children = (
				AA8604B728FD595400C1B87B /* Base */,
			);
			name = Main.storyboard;
			sourceTree = "<group>";
		};
		AA8604BB28FD595600C1B87B /* LaunchScreen.storyboard */ = {
			isa = PBXVariantGroup;
			children = (
				AA8604BC28FD595600C1B87B /* Base */,
			);
			name = LaunchScreen.storyboard;
			sourceTree = "<group>";
		};
/* End PBXVariantGroup section */

/* Begin XCBuildConfiguration section */
		AA8604BF28FD595600C1B87B /* Debug */ = {
			isa = XCBuildConfiguration;
			buildSettings = {
				ALWAYS_SEARCH_USER_PATHS = NO;
				CLANG_ANALYZER_NONNULL = YES;
				CLANG_ANALYZER_NUMBER_OBJECT_CONVERSION = YES_AGGRESSIVE;
				CLANG_CXX_LANGUAGE_STANDARD = "gnu++17";
				CLANG_ENABLE_MODULES = YES;
				CLANG_ENABLE_OBJC_ARC = YES;
				CLANG_ENABLE_OBJC_WEAK = YES;
				CLANG_WARN_BLOCK_CAPTURE_AUTORELEASING = YES;
				CLANG_WARN_BOOL_CONVERSION = YES;
				CLANG_WARN_COMMA = YES;
				CLANG_WARN_CONSTANT_CONVERSION = YES;
				CLANG_WARN_DEPRECATED_OBJC_IMPLEMENTATIONS = YES;
				CLANG_WARN_DIRECT_OBJC_ISA_USAGE = YES_ERROR;
				CLANG_WARN_DOCUMENTATION_COMMENTS = YES;
				CLANG_WARN_EMPTY_BODY = YES;
				CLANG_WARN_ENUM_CONVERSION = YES;
				CLANG_WARN_INFINITE_RECURSION = YES;
				CLANG_WARN_INT_CONVERSION = YES;
				CLANG_WARN_NON_LITERAL_NULL_CONVERSION = YES;
				CLANG_WARN_OBJC_IMPLICIT_RETAIN_SELF = YES;
				CLANG_WARN_OBJC_LITERAL_CONVERSION = YES;
				CLANG_WARN_OBJC_ROOT_CLASS = YES_ERROR;
				CLANG_WARN_QUOTED_INCLUDE_IN_FRAMEWORK_HEADER = YES;
				CLANG_WARN_RANGE_LOOP_ANALYSIS = YES;
				CLANG_WARN_STRICT_PROTOTYPES = YES;
				CLANG_WARN_SUSPICIOUS_MOVE = YES;
				CLANG_WARN_UNGUARDED_AVAILABILITY = YES_AGGRESSIVE;
				CLANG_WARN_UNREACHABLE_CODE = YES;
				CLANG_WARN__DUPLICATE_METHOD_MATCH = YES;
				COPY_PHASE_STRIP = NO;
				DEBUG_INFORMATION_FORMAT = dwarf;
				ENABLE_STRICT_OBJC_MSGSEND = YES;
				ENABLE_TESTABILITY = YES;
				GCC_C_LANGUAGE_STANDARD = gnu11;
				GCC_DYNAMIC_NO_PIC = NO;
				GCC_NO_COMMON_BLOCKS = YES;
				GCC_OPTIMIZATION_LEVEL = 0;
				GCC_PREPROCESSOR_DEFINITIONS = (
					"DEBUG=1",
					"$(inherited)",
				);
				GCC_WARN_64_TO_32_BIT_CONVERSION = YES;
				GCC_WARN_ABOUT_RETURN_TYPE = YES_ERROR;
				GCC_WARN_UNDECLARED_SELECTOR = YES;
				GCC_WARN_UNINITIALIZED_AUTOS = YES_AGGRESSIVE;
				GCC_WARN_UNUSED_FUNCTION = YES;
				GCC_WARN_UNUSED_VARIABLE = YES;
				IPHONEOS_DEPLOYMENT_TARGET = 15.5;
				MTL_ENABLE_DEBUG_INFO = INCLUDE_SOURCE;
				MTL_FAST_MATH = YES;
				ONLY_ACTIVE_ARCH = YES;
				SDKROOT = iphoneos;
				SWIFT_ACTIVE_COMPILATION_CONDITIONS = DEBUG;
				SWIFT_OPTIMIZATION_LEVEL = "-Onone";
			};
			name = Debug;
		};
		AA8604C028FD595600C1B87B /* Release */ = {
			isa = XCBuildConfiguration;
			buildSettings = {
				ALWAYS_SEARCH_USER_PATHS = NO;
				CLANG_ANALYZER_NONNULL = YES;
				CLANG_ANALYZER_NUMBER_OBJECT_CONVERSION = YES_AGGRESSIVE;
				CLANG_CXX_LANGUAGE_STANDARD = "gnu++17";
				CLANG_ENABLE_MODULES = YES;
				CLANG_ENABLE_OBJC_ARC = YES;
				CLANG_ENABLE_OBJC_WEAK = YES;
				CLANG_WARN_BLOCK_CAPTURE_AUTORELEASING = YES;
				CLANG_WARN_BOOL_CONVERSION = YES;
				CLANG_WARN_COMMA = YES;
				CLANG_WARN_CONSTANT_CONVERSION = YES;
				CLANG_WARN_DEPRECATED_OBJC_IMPLEMENTATIONS = YES;
				CLANG_WARN_DIRECT_OBJC_ISA_USAGE = YES_ERROR;
				CLANG_WARN_DOCUMENTATION_COMMENTS = YES;
				CLANG_WARN_EMPTY_BODY = YES;
				CLANG_WARN_ENUM_CONVERSION = YES;
				CLANG_WARN_INFINITE_RECURSION = YES;
				CLANG_WARN_INT_CONVERSION = YES;
				CLANG_WARN_NON_LITERAL_NULL_CONVERSION = YES;
				CLANG_WARN_OBJC_IMPLICIT_RETAIN_SELF = YES;
				CLANG_WARN_OBJC_LITERAL_CONVERSION = YES;
				CLANG_WARN_OBJC_ROOT_CLASS = YES_ERROR;
				CLANG_WARN_QUOTED_INCLUDE_IN_FRAMEWORK_HEADER = YES;
				CLANG_WARN_RANGE_LOOP_ANALYSIS = YES;
				CLANG_WARN_STRICT_PROTOTYPES = YES;
				CLANG_WARN_SUSPICIOUS_MOVE = YES;
				CLANG_WARN_UNGUARDED_AVAILABILITY = YES_AGGRESSIVE;
				CLANG_WARN_UNREACHABLE_CODE = YES;
				CLANG_WARN__DUPLICATE_METHOD_MATCH = YES;
				COPY_PHASE_STRIP = NO;
				DEBUG_INFORMATION_FORMAT = "dwarf-with-dsym";
				ENABLE_NS_ASSERTIONS = NO;
				ENABLE_STRICT_OBJC_MSGSEND = YES;
				GCC_C_LANGUAGE_STANDARD = gnu11;
				GCC_NO_COMMON_BLOCKS = YES;
				GCC_WARN_64_TO_32_BIT_CONVERSION = YES;
				GCC_WARN_ABOUT_RETURN_TYPE = YES_ERROR;
				GCC_WARN_UNDECLARED_SELECTOR = YES;
				GCC_WARN_UNINITIALIZED_AUTOS = YES_AGGRESSIVE;
				GCC_WARN_UNUSED_FUNCTION = YES;
				GCC_WARN_UNUSED_VARIABLE = YES;
				IPHONEOS_DEPLOYMENT_TARGET = 15.5;
				MTL_ENABLE_DEBUG_INFO = NO;
				MTL_FAST_MATH = YES;
				SDKROOT = iphoneos;
				SWIFT_COMPILATION_MODE = wholemodule;
				SWIFT_OPTIMIZATION_LEVEL = "-O";
				VALIDATE_PRODUCT = YES;
			};
			name = Release;
		};
		AA8604C228FD595600C1B87B /* Debug */ = {
			isa = XCBuildConfiguration;
			buildSettings = {
				ASSETCATALOG_COMPILER_APPICON_NAME = AppIcon;
				ASSETCATALOG_COMPILER_GLOBAL_ACCENT_COLOR_NAME = AccentColor;
				CODE_SIGN_STYLE = Automatic;
				CURRENT_PROJECT_VERSION = 1;
				DEVELOPMENT_TEAM = VJ39792262;
				GENERATE_INFOPLIST_FILE = YES;
				INFOPLIST_FILE = InstagramDZ/Info.plist;
				INFOPLIST_KEY_UIApplicationSupportsIndirectInputEvents = YES;
				INFOPLIST_KEY_UILaunchStoryboardName = LaunchScreen;
				INFOPLIST_KEY_UIMainStoryboardFile = Main;
				INFOPLIST_KEY_UISupportedInterfaceOrientations_iPad = "UIInterfaceOrientationPortrait UIInterfaceOrientationPortraitUpsideDown UIInterfaceOrientationLandscapeLeft UIInterfaceOrientationLandscapeRight";
				INFOPLIST_KEY_UISupportedInterfaceOrientations_iPhone = "UIInterfaceOrientationPortrait UIInterfaceOrientationLandscapeLeft UIInterfaceOrientationLandscapeRight";
				LD_RUNPATH_SEARCH_PATHS = (
					"$(inherited)",
					"@executable_path/Frameworks",
				);
				MARKETING_VERSION = 1.0;
				PRODUCT_BUNDLE_IDENTIFIER = solovev93aa.InstagramDZ;
				PRODUCT_NAME = "$(TARGET_NAME)";
				SWIFT_EMIT_LOC_STRINGS = YES;
				SWIFT_VERSION = 5.0;
				TARGETED_DEVICE_FAMILY = "1,2";
			};
			name = Debug;
		};
		AA8604C328FD595600C1B87B /* Release */ = {
			isa = XCBuildConfiguration;
			buildSettings = {
				ASSETCATALOG_COMPILER_APPICON_NAME = AppIcon;
				ASSETCATALOG_COMPILER_GLOBAL_ACCENT_COLOR_NAME = AccentColor;
				CODE_SIGN_STYLE = Automatic;
				CURRENT_PROJECT_VERSION = 1;
				DEVELOPMENT_TEAM = VJ39792262;
				GENERATE_INFOPLIST_FILE = YES;
				INFOPLIST_FILE = InstagramDZ/Info.plist;
				INFOPLIST_KEY_UIApplicationSupportsIndirectInputEvents = YES;
				INFOPLIST_KEY_UILaunchStoryboardName = LaunchScreen;
				INFOPLIST_KEY_UIMainStoryboardFile = Main;
				INFOPLIST_KEY_UISupportedInterfaceOrientations_iPad = "UIInterfaceOrientationPortrait UIInterfaceOrientationPortraitUpsideDown UIInterfaceOrientationLandscapeLeft UIInterfaceOrientationLandscapeRight";
				INFOPLIST_KEY_UISupportedInterfaceOrientations_iPhone = "UIInterfaceOrientationPortrait UIInterfaceOrientationLandscapeLeft UIInterfaceOrientationLandscapeRight";
				LD_RUNPATH_SEARCH_PATHS = (
					"$(inherited)",
					"@executable_path/Frameworks",
				);
				MARKETING_VERSION = 1.0;
				PRODUCT_BUNDLE_IDENTIFIER = solovev93aa.InstagramDZ;
				PRODUCT_NAME = "$(TARGET_NAME)";
				SWIFT_EMIT_LOC_STRINGS = YES;
				SWIFT_VERSION = 5.0;
				TARGETED_DEVICE_FAMILY = "1,2";
			};
			name = Release;
		};
/* End XCBuildConfiguration section */

/* Begin XCConfigurationList section */
		AA8604A828FD595400C1B87B /* Build configuration list for PBXProject "InstagramDZ" */ = {
			isa = XCConfigurationList;
			buildConfigurations = (
				AA8604BF28FD595600C1B87B /* Debug */,
				AA8604C028FD595600C1B87B /* Release */,
			);
			defaultConfigurationIsVisible = 0;
			defaultConfigurationName = Release;
		};
		AA8604C128FD595600C1B87B /* Build configuration list for PBXNativeTarget "InstagramDZ" */ = {
			isa = XCConfigurationList;
			buildConfigurations = (
				AA8604C228FD595600C1B87B /* Debug */,
				AA8604C328FD595600C1B87B /* Release */,
			);
			defaultConfigurationIsVisible = 0;
			defaultConfigurationName = Release;
		};
/* End XCConfigurationList section */
	};
	rootObject = AA8604A528FD595400C1B87B /* Project object */;
}
